github.com/frankban/quicktest v1.14.6 h1:7Xjx+VpznH+oBnejlPUj8oUpdxnVs4f8XU8WnHkI4W8=
github.com/frankban/quicktest v1.14.6/go.mod h1:4ptaffx2x8+WTWXmUCuVU6aPUX1/Mz7zb5vbUoiM6w0=
github.com/go-pay/crypto v0.0.1 h1:B6InT8CLfSLc6nGRVx9VMJRBBazFMjr293+jl0lLXUY=
github.com/go-pay/crypto v0.0.1/go.mod h1:41oEIvHMKbNcYlWUlRWtsnC6+ASgh7u29z0gJXe5bes=
github.com/go-pay/errgroup v0.0.3 h1:DB4s8e8oWYDyETKQ1y1riMJ7y29zE1uIsMCSjEOFSbU=
github.com/go-pay/errgroup v0.0.3/go.mod h1:0+4b8mvFMS71MIzsaC+gVvB4x37I93lRb2dqrwuU8x8=
github.com/go-pay/gopay v1.5.122 h1:kuOz2qBQXGF+o4v6IOGfdFB05fquhEa32dVW98gk/bI=
github.com/go-pay/gopay v1.5.122/go.mod h1:RzP9+1bPzIMAXGRL5RvYsZjib7wV2fhA3JxT5sjoi2w=
github.com/go-pay/smap v0.0.2 h1:kKflYor5T5FgZltPFBMTFfjJvqYMHr5VnIFSEyhVTcA=
github.com/go-pay/smap v0.0.2/go.mod h1:HW9oAo0okuyDYsbpbj5fJFxnNj/BZorRGFw26SxrNWw=
github.com/go-pay/util v0.0.4 h1:TuwSU9o3Qd7m9v1PbzFuIA/8uO9FJnA6P7neG/NwPyk=
github.com/go-pay/util v0.0.4/go.mod h1:Tsdhs8Ib9J9b4+NKNO1PHh5hWHhlg98PthsX0ckq6PM=
github.com/go-pay/xlog v0.0.3 h1:avyMhCL/JgBHreoGx/am/kHxfs1udDOAeVqbmzP/Yes=
github.com/go-pay/xlog v0.0.3/go.mod h1:mH47xbobrdsSHWsmFtSF5agWbMHFP+tK0ZbVCk5OAEw=
github.com/go-pay/xtime v0.0.2 h1:7YR4/iuELsEHpJ6LUO0SVK80hQxDO9MLCfuVYIiTCRM=
github.com/go-pay/xtime v0.0.2/go.mod h1:W1yRbJaSt4CSBcdAtLBQ8xajiN/Pl5hquGczUcUE9xE=
github.com/google/go-cmp v0.5.9 h1:O2Tfq5qg4qc4AmwVlvv0oLiVAGB7enBSJ2x2DqQFi38=
github.com/google/go-cmp v0.5.9/go.mod h1:17dUlkBOakJ0+DkrSSNjCkIjxS6bF9zb3elmeNGIjoY=
github.com/kr/pretty v0.3.1 h1:flRD4NNwYAUpkphVc1HcthR4KEIFJ65n8Mw5qdRn3LE=
github.com/kr/pretty v0.3.1/go.mod h1:hoEshYVHaxMs3cyo3Yncou5ZscifuDolrwPKZanG3xk=
github.com/kr/text v0.2.0 h1:5Nx0Ya0ZqY2ygV366QzturHI13Jq95ApcVaJBhpS+AY=
github.com/kr/text v0.2.0/go.mod h1:eLer722TekiGuMkidMxC/pM04lWEeraHUUmBw8l2grE=
github.com/rogpeppe/go-internal v1.9.0 h1:73kH8U+JUqXU8lRuOHeVHaa/SZPifC7BkcraZVejAe8=
github.com/rogpeppe/go-internal v1.9.0/go.mod h1:WtVeX8xhTBvf0smdhujwtBcq4Qrzq/fJaraNFVN+nFs=
github.com/spf13/cast v1.10.0 h1:h2x0u2shc1QuLHfxi+cTJvs30+ZAHOGRic8uyGTDWxY=
github.com/spf13/cast v1.10.0/go.mod h1:jNfB8QC9IA6ZuY2ZjDp0KtFO2LZZlg4S/7bzP6qqeHo=
